
Microsoft Visual Studio Solution File, Format Version 12.00
# Visual Studio Version 16
VisualStudioVersion = 16.0.31205.134
MinimumVisualStudioVersion = 10.0.40219.1
Project("{FAE04EC0-301F-11D3-BF4B-00C04F79EFBC}") = "View", "View\View.csproj", "{5F23C3D7-DB4A-4539-ABBE-80B6454D77A6}"
EndProject
Project("{FAE04EC0-301F-11D3-BF4B-00C04F79EFBC}") = "Controllers", "Controllers\Controllers.csproj", "{EB6C052F-7B4A-4D48-A2B2-6A90C664DF10}"
EndProject
Project("{FAE04EC0-301F-11D3-BF4B-00C04F79EFBC}") = "Models", "Models\Models.csproj", "{594663F8-7EE6-4B48-B852-A80F8177976B}"
EndProject
Project("{FAE04EC0-301F-11D3-BF4B-00C04F79EFBC}") = "Repository.Contracts", "Repository.Contracts\Repository.Contracts.csproj", "{DBC5C23F-9A85-413E-827D-8CA2EB1F3EAF}"
EndProject
Project("{FAE04EC0-301F-11D3-BF4B-00C04F79EFBC}") = "Repository", "Repository\Repository.csproj", "{5C99CAA6-208E-43B9-8BA2-244AD8D661A0}"
EndProject
Global
	GlobalSection(SolutionConfigurationPlatforms) = preSolution
		Debug|Any CPU = Debug|Any CPU
		Release|Any CPU = Release|Any CPU
	EndGlobalSection
	GlobalSection(ProjectConfigurationPlatforms) = postSolution
		{5F23C3D7-DB4A-4539-ABBE-80B6454D77A6}.Debug|Any CPU.ActiveCfg = Debug|Any CPU
		{5F23C3D7-DB4A-4539-ABBE-80B6454D77A6}.Debug|Any CPU.Build.0 = Debug|Any CPU
		{5F23C3D7-DB4A-4539-ABBE-80B6454D77A6}.Release|Any CPU.ActiveCfg = Release|Any CPU
		{5F23C3D7-DB4A-4539-ABBE-80B6454D77A6}.Release|Any CPU.Build.0 = Release|Any CPU
		{EB6C052F-7B4A-4D48-A2B2-6A90C664DF10}.Debug|Any CPU.ActiveCfg = Debug|Any CPU
		{EB6C052F-7B4A-4D48-A2B2-6A90C664DF10}.Debug|Any CPU.Build.0 = Debug|Any CPU
		{EB6C052F-7B4A-4D48-A2B2-6A90C664DF10}.Release|Any CPU.ActiveCfg = Release|Any CPU
		{EB6C052F-7B4A-4D48-A2B2-6A90C664DF10}.Release|Any CPU.Build.0 = Release|Any CPU
		{594663F8-7EE6-4B48-B852-A80F8177976B}.Debug|Any CPU.ActiveCfg = Debug|Any CPU
		{594663F8-7EE6-4B48-B852-A80F8177976B}.Debug|Any CPU.Build.0 = Debug|Any CPU
		{594663F8-7EE6-4B48-B852-A80F8177976B}.Release|Any CPU.ActiveCfg = Release|Any CPU
		{594663F8-7EE6-4B48-B852-A80F8177976B}.Release|Any CPU.Build.0 = Release|Any CPU
		{DBC5C23F-9A85-413E-827D-8CA2EB1F3EAF}.Debug|Any CPU.ActiveCfg = Debug|Any CPU
		{DBC5C23F-9A85-413E-827D-8CA2EB1F3EAF}.Debug|Any CPU.Build.0 = Debug|Any CPU
		{DBC5C23F-9A85-413E-827D-8CA2EB1F3EAF}.Release|Any CPU.ActiveCfg = Release|Any CPU
		{DBC5C23F-9A85-413E-827D-8CA2EB1F3EAF}.Release|Any CPU.Build.0 = Release|Any CPU
		{5C99CAA6-208E-43B9-8BA2-244AD8D661A0}.Debug|Any CPU.ActiveCfg = Debug|Any CPU
		{5C99CAA6-208E-43B9-8BA2-244AD8D661A0}.Debug|Any CPU.Build.0 = Debug|Any CPU
		{5C99CAA6-208E-43B9-8BA2-244AD8D661A0}.Release|Any CPU.ActiveCfg = Release|Any CPU
		{5C99CAA6-208E-43B9-8BA2-244AD8D661A0}.Release|Any CPU.Build.0 = Release|Any CPU
	EndGlobalSection
	GlobalSection(SolutionProperties) = preSolution
		HideSolutionNode = FALSE
	EndGlobalSection
	GlobalSection(ExtensibilityGlobals) = postSolution
		SolutionGuid = {4FE995FB-26C5-48B5-9CBE-47D2088ADC90}
	EndGlobalSection
EndGlobal
