
Microsoft Visual Studio Solution File, Format Version 12.00
# Visual Studio Version 16
VisualStudioVersion = 16.0.31205.134
MinimumVisualStudioVersion = 10.0.40219.1
Project("{FAE04EC0-301F-11D3-BF4B-00C04F79EFBC}") = "View", "View\View.csproj", "{5F23C3D7-DB4A-4539-ABBE-80B6454D77A6}"
EndProject
Project("{9A19103F-16F7-4668-BE54-9A1E7A4F7556}") = "Models", "Models\Models.csproj", "{31701928-0147-48ED-AEAB-CFC48D4EE204}"
EndProject
Project("{FAE04EC0-301F-11D3-BF4B-00C04F79EFBC}") = "Controllers", "Controllers\Controllers.csproj", "{6DEE3AF0-D0E8-468D-AFA1-4E1CDD04CF46}"
EndProject
Project("{FAE04EC0-301F-11D3-BF4B-00C04F79EFBC}") = "Repository.Contracts", "Repository.Contracts\Repository.Contracts.csproj", "{0BFF5629-F9E4-46B0-8FB9-7A16ACF98A7A}"
EndProject
Project("{FAE04EC0-301F-11D3-BF4B-00C04F79EFBC}") = "Repository", "Repository\Repository.csproj", "{7104347F-9327-4EEF-ABE8-3F51F2980BE5}"
EndProject
Global
	GlobalSection(SolutionConfigurationPlatforms) = preSolution
		Debug|Any CPU = Debug|Any CPU
		Release|Any CPU = Release|Any CPU
	EndGlobalSection
	GlobalSection(ProjectConfigurationPlatforms) = postSolution
		{5F23C3D7-DB4A-4539-ABBE-80B6454D77A6}.Debug|Any CPU.ActiveCfg = Debug|Any CPU
		{5F23C3D7-DB4A-4539-ABBE-80B6454D77A6}.Debug|Any CPU.Build.0 = Debug|Any CPU
		{5F23C3D7-DB4A-4539-ABBE-80B6454D77A6}.Release|Any CPU.ActiveCfg = Release|Any CPU
		{5F23C3D7-DB4A-4539-ABBE-80B6454D77A6}.Release|Any CPU.Build.0 = Release|Any CPU
		{31701928-0147-48ED-AEAB-CFC48D4EE204}.Debug|Any CPU.ActiveCfg = Debug|Any CPU
		{31701928-0147-48ED-AEAB-CFC48D4EE204}.Debug|Any CPU.Build.0 = Debug|Any CPU
		{31701928-0147-48ED-AEAB-CFC48D4EE204}.Release|Any CPU.ActiveCfg = Release|Any CPU
		{31701928-0147-48ED-AEAB-CFC48D4EE204}.Release|Any CPU.Build.0 = Release|Any CPU
		{6DEE3AF0-D0E8-468D-AFA1-4E1CDD04CF46}.Debug|Any CPU.ActiveCfg = Debug|Any CPU
		{6DEE3AF0-D0E8-468D-AFA1-4E1CDD04CF46}.Debug|Any CPU.Build.0 = Debug|Any CPU
		{6DEE3AF0-D0E8-468D-AFA1-4E1CDD04CF46}.Release|Any CPU.ActiveCfg = Release|Any CPU
		{6DEE3AF0-D0E8-468D-AFA1-4E1CDD04CF46}.Release|Any CPU.Build.0 = Release|Any CPU
		{0BFF5629-F9E4-46B0-8FB9-7A16ACF98A7A}.Debug|Any CPU.ActiveCfg = Debug|Any CPU
		{0BFF5629-F9E4-46B0-8FB9-7A16ACF98A7A}.Debug|Any CPU.Build.0 = Debug|Any CPU
		{0BFF5629-F9E4-46B0-8FB9-7A16ACF98A7A}.Release|Any CPU.ActiveCfg = Release|Any CPU
		{0BFF5629-F9E4-46B0-8FB9-7A16ACF98A7A}.Release|Any CPU.Build.0 = Release|Any CPU
		{7104347F-9327-4EEF-ABE8-3F51F2980BE5}.Debug|Any CPU.ActiveCfg = Debug|Any CPU
		{7104347F-9327-4EEF-ABE8-3F51F2980BE5}.Debug|Any CPU.Build.0 = Debug|Any CPU
		{7104347F-9327-4EEF-ABE8-3F51F2980BE5}.Release|Any CPU.ActiveCfg = Release|Any CPU
		{7104347F-9327-4EEF-ABE8-3F51F2980BE5}.Release|Any CPU.Build.0 = Release|Any CPU
	EndGlobalSection
	GlobalSection(SolutionProperties) = preSolution
		HideSolutionNode = FALSE
	EndGlobalSection
	GlobalSection(ExtensibilityGlobals) = postSolution
		SolutionGuid = {4FE995FB-26C5-48B5-9CBE-47D2088ADC90}
	EndGlobalSection
EndGlobal
