
Microsoft Visual Studio Solution File, Format Version 12.00
# Visual Studio Version 16
VisualStudioVersion = 16.0.31205.134
MinimumVisualStudioVersion = 10.0.40219.1
Project("{FAE04EC0-301F-11D3-BF4B-00C04F79EFBC}") = "View", "View\View.csproj", "{5F23C3D7-DB4A-4539-ABBE-80B6454D77A6}"
EndProject
Global
	GlobalSection(SolutionConfigurationPlatforms) = preSolution
		Debug|Any CPU = Debug|Any CPU
		Release|Any CPU = Release|Any CPU
	EndGlobalSection
	GlobalSection(ProjectConfigurationPlatforms) = postSolution
		{5F23C3D7-DB4A-4539-ABBE-80B6454D77A6}.Debug|Any CPU.ActiveCfg = Debug|Any CPU
		{5F23C3D7-DB4A-4539-ABBE-80B6454D77A6}.Debug|Any CPU.Build.0 = Debug|Any CPU
		{5F23C3D7-DB4A-4539-ABBE-80B6454D77A6}.Release|Any CPU.ActiveCfg = Release|Any CPU
		{5F23C3D7-DB4A-4539-ABBE-80B6454D77A6}.Release|Any CPU.Build.0 = Release|Any CPU
	EndGlobalSection
	GlobalSection(SolutionProperties) = preSolution
		HideSolutionNode = FALSE
	EndGlobalSection
	GlobalSection(ExtensibilityGlobals) = postSolution
		SolutionGuid = {4FE995FB-26C5-48B5-9CBE-47D2088ADC90}
	EndGlobalSection
EndGlobal
